# This file is automatically @generated by Poetry 1.8.3 and should not be changed by hand.

[[package]]
name = "cookiecutter-django"
version = "1.11.9"
description = "A Cookiecutter template for creating production-ready Django projects quickly."
optional = false
python-versions = "*"
files = [
    {file = "cookiecutter-django-1.11.9.tar.gz", hash = "sha256:1d4b2fd48e49d0c78b90a2f47c78db191e5ed90bf06b38deb414022e4bda2476"},
]

[metadata]
lock-version = "2.0"
python-versions = "^3.12"
content-hash = "c0bd1499e2021c292eb8a8409b6c041e4c2c7ca14039da645c436f1503afd7e5"
